// !$*UTF8*$!
{
	archiveVersion = 1;
	classes = {
	};
	objectVersion = 50;
	objects = {

/* Begin PBXBuildFile section */
		78AA044B27058F9900F31EC8 /* AppDelegate.swift in Sources */ = {isa = PBXBuildFile; fileRef = 78AA044A27058F9900F31EC8 /* AppDelegate.swift */; };
		78AA044D27058F9900F31EC8 /* SceneDelegate.swift in Sources */ = {isa = PBXBuildFile; fileRef = 78AA044C27058F9900F31EC8 /* SceneDelegate.swift */; };
		78AA044F27058F9900F31EC8 /* ViewController.swift in Sources */ = {isa = PBXBuildFile; fileRef = 78AA044E27058F9900F31EC8 /* ViewController.swift */; };
		78AA045227058F9900F31EC8 /* Main.storyboard in Resources */ = {isa = PBXBuildFile; fileRef = 78AA045027058F9900F31EC8 /* Main.storyboard */; };
		78AA045427058FA200F31EC8 /* Assets.xcassets in Resources */ = {isa = PBXBuildFile; fileRef = 78AA045327058FA200F31EC8 /* Assets.xcassets */; };
		78AA045727058FA200F31EC8 /* LaunchScreen.storyboard in Resources */ = {isa = PBXBuildFile; fileRef = 78AA045527058FA200F31EC8 /* LaunchScreen.storyboard */; };
		78AA046227058FA300F31EC8 /* TWGProductsTests.swift in Sources */ = {isa = PBXBuildFile; fileRef = 78AA046127058FA300F31EC8 /* TWGProductsTests.swift */; };
		78AA046D27058FA300F31EC8 /* TWGProductsUITests.swift in Sources */ = {isa = PBXBuildFile; fileRef = 78AA046C27058FA300F31EC8 /* TWGProductsUITests.swift */; };
/* End PBXBuildFile section */

/* Begin PBXContainerItemProxy section */
		78AA045E27058FA300F31EC8 /* PBXContainerItemProxy */ = {
			isa = PBXContainerItemProxy;
			containerPortal = 78AA043F27058F9900F31EC8 /* Project object */;
			proxyType = 1;
			remoteGlobalIDString = 78AA044627058F9900F31EC8;
			remoteInfo = TWGProducts;
		};
		78AA046927058FA300F31EC8 /* PBXContainerItemProxy */ = {
			isa = PBXContainerItemProxy;
			containerPortal = 78AA043F27058F9900F31EC8 /* Project object */;
			proxyType = 1;
			remoteGlobalIDString = 78AA044627058F9900F31EC8;
			remoteInfo = TWGProducts;
		};
/* End PBXContainerItemProxy section */

/* Begin PBXFileReference section */
		78AA044727058F9900F31EC8 /* TWGProducts.app */ = {isa = PBXFileReference; explicitFileType = wrapper.application; includeInIndex = 0; path = TWGProducts.app; sourceTree = BUILT_PRODUCTS_DIR; };
		78AA044A27058F9900F31EC8 /* AppDelegate.swift */ = {isa = PBXFileReference; lastKnownFileType = sourcecode.swift; path = AppDelegate.swift; sourceTree = "<group>"; };
		78AA044C27058F9900F31EC8 /* SceneDelegate.swift */ = {isa = PBXFileReference; lastKnownFileType = sourcecode.swift; path = SceneDelegate.swift; sourceTree = "<group>"; };
		78AA044E27058F9900F31EC8 /* ViewController.swift */ = {isa = PBXFileReference; lastKnownFileType = sourcecode.swift; path = ViewController.swift; sourceTree = "<group>"; };
		78AA045127058F9900F31EC8 /* Base */ = {isa = PBXFileReference; lastKnownFileType = file.storyboard; name = Base; path = Base.lproj/Main.storyboard; sourceTree = "<group>"; };
		78AA045327058FA200F31EC8 /* Assets.xcassets */ = {isa = PBXFileReference; lastKnownFileType = folder.assetcatalog; path = Assets.xcassets; sourceTree = "<group>"; };
		78AA045627058FA200F31EC8 /* Base */ = {isa = PBXFileReference; lastKnownFileType = file.storyboard; name = Base; path = Base.lproj/LaunchScreen.storyboard; sourceTree = "<group>"; };
		78AA045827058FA200F31EC8 /* Info.plist */ = {isa = PBXFileReference; lastKnownFileType = text.plist.xml; path = Info.plist; sourceTree = "<group>"; };
		78AA045D27058FA300F31EC8 /* TWGProductsTests.xctest */ = {isa = PBXFileReference; explicitFileType = wrapper.cfbundle; includeInIndex = 0; path = TWGProductsTests.xctest; sourceTree = BUILT_PRODUCTS_DIR; };
		78AA046127058FA300F31EC8 /* TWGProductsTests.swift */ = {isa = PBXFileReference; lastKnownFileType = sourcecode.swift; path = TWGProductsTests.swift; sourceTree = "<group>"; };
		78AA046327058FA300F31EC8 /* Info.plist */ = {isa = PBXFileReference; lastKnownFileType = text.plist.xml; path = Info.plist; sourceTree = "<group>"; };
		78AA046827058FA300F31EC8 /* TWGProductsUITests.xctest */ = {isa = PBXFileReference; explicitFileType = wrapper.cfbundle; includeInIndex = 0; path = TWGProductsUITests.xctest; sourceTree = BUILT_PRODUCTS_DIR; };
		78AA046C27058FA300F31EC8 /* TWGProductsUITests.swift */ = {isa = PBXFileReference; lastKnownFileType = sourcecode.swift; path = TWGProductsUITests.swift; sourceTree = "<group>"; };
		78AA046E27058FA300F31EC8 /* Info.plist */ = {isa = PBXFileReference; lastKnownFileType = text.plist.xml; path = Info.plist; sourceTree = "<group>"; };
/* End PBXFileReference section */

/* Begin PBXFrameworksBuildPhase section */
		78AA044427058F9900F31EC8 /* Frameworks */ = {
			isa = PBXFrameworksBuildPhase;
			buildActionMask = 2147483647;
			files = (
			);
			runOnlyForDeploymentPostprocessing = 0;
		};
		78AA045A27058FA300F31EC8 /* Frameworks */ = {
			isa = PBXFrameworksBuildPhase;
			buildActionMask = 2147483647;
			files = (
			);
			runOnlyForDeploymentPostprocessing = 0;
		};
		78AA046527058FA300F31EC8 /* Frameworks */ = {
			isa = PBXFrameworksBuildPhase;
			buildActionMask = 2147483647;
			files = (
			);
			runOnlyForDeploymentPostprocessing = 0;
		};
/* End PBXFrameworksBuildPhase section */

/* Begin PBXGroup section */
		78AA043E27058F9900F31EC8 = {
			isa = PBXGroup;
			children = (
				78AA044927058F9900F31EC8 /* TWGProducts */,
				78AA046027058FA300F31EC8 /* TWGProductsTests */,
				78AA046B27058FA300F31EC8 /* TWGProductsUITests */,
				78AA044827058F9900F31EC8 /* Products */,
			);
			sourceTree = "<group>";
		};
		78AA044827058F9900F31EC8 /* Products */ = {
			isa = PBXGroup;
			children = (
				78AA044727058F9900F31EC8 /* TWGProducts.app */,
				78AA045D27058FA300F31EC8 /* TWGProductsTests.xctest */,
				78AA046827058FA300F31EC8 /* TWGProductsUITests.xctest */,
			);
			name = Products;
			sourceTree = "<group>";
		};
		78AA044927058F9900F31EC8 /* TWGProducts */ = {
			isa = PBXGroup;
			children = (
				78AA044A27058F9900F31EC8 /* AppDelegate.swift */,
				78AA044C27058F9900F31EC8 /* SceneDelegate.swift */,
				78AA044E27058F9900F31EC8 /* ViewController.swift */,
				78AA045027058F9900F31EC8 /* Main.storyboard */,
				78AA045327058FA200F31EC8 /* Assets.xcassets */,
				78AA045527058FA200F31EC8 /* LaunchScreen.storyboard */,
				78AA045827058FA200F31EC8 /* Info.plist */,
			);
			path = TWGProducts;
			sourceTree = "<group>";
		};
		78AA046027058FA300F31EC8 /* TWGProductsTests */ = {
			isa = PBXGroup;
			children = (
				78AA046127058FA300F31EC8 /* TWGProductsTests.swift */,
				78AA046327058FA300F31EC8 /* Info.plist */,
			);
			path = TWGProductsTests;
			sourceTree = "<group>";
		};
		78AA046B27058FA300F31EC8 /* TWGProductsUITests */ = {
			isa = PBXGroup;
			children = (
				78AA046C27058FA300F31EC8 /* TWGProductsUITests.swift */,
				78AA046E27058FA300F31EC8 /* Info.plist */,
			);
			path = TWGProductsUITests;
			sourceTree = "<group>";
		};
/* End PBXGroup section */

/* Begin PBXNativeTarget section */
		78AA044627058F9900F31EC8 /* TWGProducts */ = {
			isa = PBXNativeTarget;
			buildConfigurationList = 78AA047127058FA300F31EC8 /* Build configuration list for PBXNativeTarget "TWGProducts" */;
			buildPhases = (
				78AA044327058F9900F31EC8 /* Sources */,
				78AA044427058F9900F31EC8 /* Frameworks */,
				78AA044527058F9900F31EC8 /* Resources */,
			);
			buildRules = (
			);
			dependencies = (
			);
			name = TWGProducts;
			productName = TWGProducts;
			productReference = 78AA044727058F9900F31EC8 /* TWGProducts.app */;
			productType = "com.apple.product-type.application";
		};
		78AA045C27058FA300F31EC8 /* TWGProductsTests */ = {
			isa = PBXNativeTarget;
			buildConfigurationList = 78AA047427058FA300F31EC8 /* Build configuration list for PBXNativeTarget "TWGProductsTests" */;
			buildPhases = (
				78AA045927058FA300F31EC8 /* Sources */,
				78AA045A27058FA300F31EC8 /* Frameworks */,
				78AA045B27058FA300F31EC8 /* Resources */,
			);
			buildRules = (
			);
			dependencies = (
				78AA045F27058FA300F31EC8 /* PBXTargetDependency */,
			);
			name = TWGProductsTests;
			productName = TWGProductsTests;
			productReference = 78AA045D27058FA300F31EC8 /* TWGProductsTests.xctest */;
			productType = "com.apple.product-type.bundle.unit-test";
		};
		78AA046727058FA300F31EC8 /* TWGProductsUITests */ = {
			isa = PBXNativeTarget;
			buildConfigurationList = 78AA047727058FA300F31EC8 /* Build configuration list for PBXNativeTarget "TWGProductsUITests" */;
			buildPhases = (
				78AA046427058FA300F31EC8 /* Sources */,
				78AA046527058FA300F31EC8 /* Frameworks */,
				78AA046627058FA300F31EC8 /* Resources */,
			);
			buildRules = (
			);
			dependencies = (
				78AA046A27058FA300F31EC8 /* PBXTargetDependency */,
			);
			name = TWGProductsUITests;
			productName = TWGProductsUITests;
			productReference = 78AA046827058FA300F31EC8 /* TWGProductsUITests.xctest */;
			productType = "com.apple.product-type.bundle.ui-testing";
		};
/* End PBXNativeTarget section */

/* Begin PBXProject section */
		78AA043F27058F9900F31EC8 /* Project object */ = {
			isa = PBXProject;
			attributes = {
				LastSwiftUpdateCheck = 1240;
				LastUpgradeCheck = 1240;
				TargetAttributes = {
					78AA044627058F9900F31EC8 = {
						CreatedOnToolsVersion = 12.4;
					};
					78AA045C27058FA300F31EC8 = {
						CreatedOnToolsVersion = 12.4;
						TestTargetID = 78AA044627058F9900F31EC8;
					};
					78AA046727058FA300F31EC8 = {
						CreatedOnToolsVersion = 12.4;
						TestTargetID = 78AA044627058F9900F31EC8;
					};
				};
			};
			buildConfigurationList = 78AA044227058F9900F31EC8 /* Build configuration list for PBXProject "TWGProducts" */;
			compatibilityVersion = "Xcode 9.3";
			developmentRegion = en;
			hasScannedForEncodings = 0;
			knownRegions = (
				en,
				Base,
			);
			mainGroup = 78AA043E27058F9900F31EC8;
			productRefGroup = 78AA044827058F9900F31EC8 /* Products */;
			projectDirPath = "";
			projectRoot = "";
			targets = (
				78AA044627058F9900F31EC8 /* TWGProducts */,
				78AA045C27058FA300F31EC8 /* TWGProductsTests */,
				78AA046727058FA300F31EC8 /* TWGProductsUITests */,
			);
		};
/* End PBXProject section */

/* Begin PBXResourcesBuildPhase section */
		78AA044527058F9900F31EC8 /* Resources */ = {
			isa = PBXResourcesBuildPhase;
			buildActionMask = 2147483647;
			files = (
				78AA045727058FA200F31EC8 /* LaunchScreen.storyboard in Resources */,
				78AA045427058FA200F31EC8 /* Assets.xcassets in Resources */,
				78AA045227058F9900F31EC8 /* Main.storyboard in Resources */,
			);
			runOnlyForDeploymentPostprocessing = 0;
		};
		78AA045B27058FA300F31EC8 /* Resources */ = {
			isa = PBXResourcesBuildPhase;
			buildActionMask = 2147483647;
			files = (
			);
			runOnlyForDeploymentPostprocessing = 0;
		};
		78AA046627058FA300F31EC8 /* Resources */ = {
			isa = PBXResourcesBuildPhase;
			buildActionMask = 2147483647;
			files = (
			);
			runOnlyForDeploymentPostprocessing = 0;
		};
/* End PBXResourcesBuildPhase section */

/* Begin PBXSourcesBuildPhase section */
		78AA044327058F9900F31EC8 /* Sources */ = {
			isa = PBXSourcesBuildPhase;
			buildActionMask = 2147483647;
			files = (
				78AA044F27058F9900F31EC8 /* ViewController.swift in Sources */,
				78AA044B27058F9900F31EC8 /* AppDelegate.swift in Sources */,
				78AA044D27058F9900F31EC8 /* SceneDelegate.swift in Sources */,
			);
			runOnlyForDeploymentPostprocessing = 0;
		};
		78AA045927058FA300F31EC8 /* Sources */ = {
			isa = PBXSourcesBuildPhase;
			buildActionMask = 2147483647;
			files = (
				78AA046227058FA300F31EC8 /* TWGProductsTests.swift in Sources */,
			);
			runOnlyForDeploymentPostprocessing = 0;
		};
		78AA046427058FA300F31EC8 /* Sources */ = {
			isa = PBXSourcesBuildPhase;
			buildActionMask = 2147483647;
			files = (
				78AA046D27058FA300F31EC8 /* TWGProductsUITests.swift in Sources */,
			);
			runOnlyForDeploymentPostprocessing = 0;
		};
/* End PBXSourcesBuildPhase section */

/* Begin PBXTargetDependency section */
		78AA045F27058FA300F31EC8 /* PBXTargetDependency */ = {
			isa = PBXTargetDependency;
			target = 78AA044627058F9900F31EC8 /* TWGProducts */;
			targetProxy = 78AA045E27058FA300F31EC8 /* PBXContainerItemProxy */;
		};
		78AA046A27058FA300F31EC8 /* PBXTargetDependency */ = {
			isa = PBXTargetDependency;
			target = 78AA044627058F9900F31EC8 /* TWGProducts */;
			targetProxy = 78AA046927058FA300F31EC8 /* PBXContainerItemProxy */;
		};
/* End PBXTargetDependency section */

/* Begin PBXVariantGroup section */
		78AA045027058F9900F31EC8 /* Main.storyboard */ = {
			isa = PBXVariantGroup;
			children = (
				78AA045127058F9900F31EC8 /* Base */,
			);
			name = Main.storyboard;
			sourceTree = "<group>";
		};
		78AA045527058FA200F31EC8 /* LaunchScreen.storyboard */ = {
			isa = PBXVariantGroup;
			children = (
				78AA045627058FA200F31EC8 /* Base */,
			);
			name = LaunchScreen.storyboard;
			sourceTree = "<group>";
		};
/* End PBXVariantGroup section */

/* Begin XCBuildConfiguration section */
		78AA046F27058FA300F31EC8 /* Debug */ = {
			isa = XCBuildConfiguration;
			buildSettings = {
				ALWAYS_SEARCH_USER_PATHS = NO;
				CLANG_ANALYZER_NONNULL = YES;
				CLANG_ANALYZER_NUMBER_OBJECT_CONVERSION = YES_AGGRESSIVE;
				CLANG_CXX_LANGUAGE_STANDARD = "gnu++14";
				CLANG_CXX_LIBRARY = "libc++";
				CLANG_ENABLE_MODULES = YES;
				CLANG_ENABLE_OBJC_ARC = YES;
				CLANG_ENABLE_OBJC_WEAK = YES;
				CLANG_WARN_BLOCK_CAPTURE_AUTORELEASING = YES;
				CLANG_WARN_BOOL_CONVERSION = YES;
				CLANG_WARN_COMMA = YES;
				CLANG_WARN_CONSTANT_CONVERSION = YES;
				CLANG_WARN_DEPRECATED_OBJC_IMPLEMENTATIONS = YES;
				CLANG_WARN_DIRECT_OBJC_ISA_USAGE = YES_ERROR;
				CLANG_WARN_DOCUMENTATION_COMMENTS = YES;
				CLANG_WARN_EMPTY_BODY = YES;
				CLANG_WARN_ENUM_CONVERSION = YES;
				CLANG_WARN_INFINITE_RECURSION = YES;
				CLANG_WARN_INT_CONVERSION = YES;
				CLANG_WARN_NON_LITERAL_NULL_CONVERSION = YES;
				CLANG_WARN_OBJC_IMPLICIT_RETAIN_SELF = YES;
				CLANG_WARN_OBJC_LITERAL_CONVERSION = YES;
				CLANG_WARN_OBJC_ROOT_CLASS = YES_ERROR;
				CLANG_WARN_QUOTED_INCLUDE_IN_FRAMEWORK_HEADER = YES;
				CLANG_WARN_RANGE_LOOP_ANALYSIS = YES;
				CLANG_WARN_STRICT_PROTOTYPES = YES;
				CLANG_WARN_SUSPICIOUS_MOVE = YES;
				CLANG_WARN_UNGUARDED_AVAILABILITY = YES_AGGRESSIVE;
				CLANG_WARN_UNREACHABLE_CODE = YES;
				CLANG_WARN__DUPLICATE_METHOD_MATCH = YES;
				COPY_PHASE_STRIP = NO;
				DEBUG_INFORMATION_FORMAT = dwarf;
				ENABLE_STRICT_OBJC_MSGSEND = YES;
				ENABLE_TESTABILITY = YES;
				GCC_C_LANGUAGE_STANDARD = gnu11;
				GCC_DYNAMIC_NO_PIC = NO;
				GCC_NO_COMMON_BLOCKS = YES;
				GCC_OPTIMIZATION_LEVEL = 0;
				GCC_PREPROCESSOR_DEFINITIONS = (
					"DEBUG=1",
					"$(inherited)",
				);
				GCC_WARN_64_TO_32_BIT_CONVERSION = YES;
				GCC_WARN_ABOUT_RETURN_TYPE = YES_ERROR;
				GCC_WARN_UNDECLARED_SELECTOR = YES;
				GCC_WARN_UNINITIALIZED_AUTOS = YES_AGGRESSIVE;
				GCC_WARN_UNUSED_FUNCTION = YES;
				GCC_WARN_UNUSED_VARIABLE = YES;
				IPHONEOS_DEPLOYMENT_TARGET = 14.4;
				MTL_ENABLE_DEBUG_INFO = INCLUDE_SOURCE;
				MTL_FAST_MATH = YES;
				ONLY_ACTIVE_ARCH = YES;
				SDKROOT = iphoneos;
				SWIFT_ACTIVE_COMPILATION_CONDITIONS = DEBUG;
				SWIFT_OPTIMIZATION_LEVEL = "-Onone";
			};
			name = Debug;
		};
		78AA047027058FA300F31EC8 /* Release */ = {
			isa = XCBuildConfiguration;
			buildSettings = {
				ALWAYS_SEARCH_USER_PATHS = NO;
				CLANG_ANALYZER_NONNULL = YES;
				CLANG_ANALYZER_NUMBER_OBJECT_CONVERSION = YES_AGGRESSIVE;
				CLANG_CXX_LANGUAGE_STANDARD = "gnu++14";
				CLANG_CXX_LIBRARY = "libc++";
				CLANG_ENABLE_MODULES = YES;
				CLANG_ENABLE_OBJC_ARC = YES;
				CLANG_ENABLE_OBJC_WEAK = YES;
				CLANG_WARN_BLOCK_CAPTURE_AUTORELEASING = YES;
				CLANG_WARN_BOOL_CONVERSION = YES;
				CLANG_WARN_COMMA = YES;
				CLANG_WARN_CONSTANT_CONVERSION = YES;
				CLANG_WARN_DEPRECATED_OBJC_IMPLEMENTATIONS = YES;
				CLANG_WARN_DIRECT_OBJC_ISA_USAGE = YES_ERROR;
				CLANG_WARN_DOCUMENTATION_COMMENTS = YES;
				CLANG_WARN_EMPTY_BODY = YES;
				CLANG_WARN_ENUM_CONVERSION = YES;
				CLANG_WARN_INFINITE_RECURSION = YES;
				CLANG_WARN_INT_CONVERSION = YES;
				CLANG_WARN_NON_LITERAL_NULL_CONVERSION = YES;
				CLANG_WARN_OBJC_IMPLICIT_RETAIN_SELF = YES;
				CLANG_WARN_OBJC_LITERAL_CONVERSION = YES;
				CLANG_WARN_OBJC_ROOT_CLASS = YES_ERROR;
				CLANG_WARN_QUOTED_INCLUDE_IN_FRAMEWORK_HEADER = YES;
				CLANG_WARN_RANGE_LOOP_ANALYSIS = YES;
				CLANG_WARN_STRICT_PROTOTYPES = YES;
				CLANG_WARN_SUSPICIOUS_MOVE = YES;
				CLANG_WARN_UNGUARDED_AVAILABILITY = YES_AGGRESSIVE;
				CLANG_WARN_UNREACHABLE_CODE = YES;
				CLANG_WARN__DUPLICATE_METHOD_MATCH = YES;
				COPY_PHASE_STRIP = NO;
				DEBUG_INFORMATION_FORMAT = "dwarf-with-dsym";
				ENABLE_NS_ASSERTIONS = NO;
				ENABLE_STRICT_OBJC_MSGSEND = YES;
				GCC_C_LANGUAGE_STANDARD = gnu11;
				GCC_NO_COMMON_BLOCKS = YES;
				GCC_WARN_64_TO_32_BIT_CONVERSION = YES;
				GCC_WARN_ABOUT_RETURN_TYPE = YES_ERROR;
				GCC_WARN_UNDECLARED_SELECTOR = YES;
				GCC_WARN_UNINITIALIZED_AUTOS = YES_AGGRESSIVE;
				GCC_WARN_UNUSED_FUNCTION = YES;
				GCC_WARN_UNUSED_VARIABLE = YES;
				IPHONEOS_DEPLOYMENT_TARGET = 14.4;
				MTL_ENABLE_DEBUG_INFO = NO;
				MTL_FAST_MATH = YES;
				SDKROOT = iphoneos;
				SWIFT_COMPILATION_MODE = wholemodule;
				SWIFT_OPTIMIZATION_LEVEL = "-O";
				VALIDATE_PRODUCT = YES;
			};
			name = Release;
		};
		78AA047227058FA300F31EC8 /* Debug */ = {
			isa = XCBuildConfiguration;
			buildSettings = {
				ASSETCATALOG_COMPILER_APPICON_NAME = AppIcon;
				ASSETCATALOG_COMPILER_GLOBAL_ACCENT_COLOR_NAME = AccentColor;
				CODE_SIGN_STYLE = Automatic;
				INFOPLIST_FILE = TWGProducts/Info.plist;
				LD_RUNPATH_SEARCH_PATHS = (
					"$(inherited)",
					"@executable_path/Frameworks",
				);
				PRODUCT_BUNDLE_IDENTIFIER = com.kamalatennakoon.TWGProducts;
				PRODUCT_NAME = "$(TARGET_NAME)";
				SWIFT_VERSION = 5.0;
				TARGETED_DEVICE_FAMILY = "1,2";
			};
			name = Debug;
		};
		78AA047327058FA300F31EC8 /* Release */ = {
			isa = XCBuildConfiguration;
			buildSettings = {
				ASSETCATALOG_COMPILER_APPICON_NAME = AppIcon;
				ASSETCATALOG_COMPILER_GLOBAL_ACCENT_COLOR_NAME = AccentColor;
				CODE_SIGN_STYLE = Automatic;
				INFOPLIST_FILE = TWGProducts/Info.plist;
				LD_RUNPATH_SEARCH_PATHS = (
					"$(inherited)",
					"@executable_path/Frameworks",
				);
				PRODUCT_BUNDLE_IDENTIFIER = com.kamalatennakoon.TWGProducts;
				PRODUCT_NAME = "$(TARGET_NAME)";
				SWIFT_VERSION = 5.0;
				TARGETED_DEVICE_FAMILY = "1,2";
			};
			name = Release;
		};
		78AA047527058FA300F31EC8 /* Debug */ = {
			isa = XCBuildConfiguration;
			buildSettings = {
				ALWAYS_EMBED_SWIFT_STANDARD_LIBRARIES = YES;
				BUNDLE_LOADER = "$(TEST_HOST)";
				CODE_SIGN_STYLE = Automatic;
				INFOPLIST_FILE = TWGProductsTests/Info.plist;
				IPHONEOS_DEPLOYMENT_TARGET = 14.4;
				LD_RUNPATH_SEARCH_PATHS = (
					"$(inherited)",
					"@executable_path/Frameworks",
					"@loader_path/Frameworks",
				);
				PRODUCT_BUNDLE_IDENTIFIER = com.kamalatennakoon.TWGProductsTests;
				PRODUCT_NAME = "$(TARGET_NAME)";
				SWIFT_VERSION = 5.0;
				TARGETED_DEVICE_FAMILY = "1,2";
				TEST_HOST = "$(BUILT_PRODUCTS_DIR)/TWGProducts.app/TWGProducts";
			};
			name = Debug;
		};
		78AA047627058FA300F31EC8 /* Release */ = {
			isa = XCBuildConfiguration;
			buildSettings = {
				ALWAYS_EMBED_SWIFT_STANDARD_LIBRARIES = YES;
				BUNDLE_LOADER = "$(TEST_HOST)";
				CODE_SIGN_STYLE = Automatic;
				INFOPLIST_FILE = TWGProductsTests/Info.plist;
				IPHONEOS_DEPLOYMENT_TARGET = 14.4;
				LD_RUNPATH_SEARCH_PATHS = (
					"$(inherited)",
					"@executable_path/Frameworks",
					"@loader_path/Frameworks",
				);
				PRODUCT_BUNDLE_IDENTIFIER = com.kamalatennakoon.TWGProductsTests;
				PRODUCT_NAME = "$(TARGET_NAME)";
				SWIFT_VERSION = 5.0;
				TARGETED_DEVICE_FAMILY = "1,2";
				TEST_HOST = "$(BUILT_PRODUCTS_DIR)/TWGProducts.app/TWGProducts";
			};
			name = Release;
		};
		78AA047827058FA300F31EC8 /* Debug */ = {
			isa = XCBuildConfiguration;
			buildSettings = {
				ALWAYS_EMBED_SWIFT_STANDARD_LIBRARIES = YES;
				CODE_SIGN_STYLE = Automatic;
				INFOPLIST_FILE = TWGProductsUITests/Info.plist;
				LD_RUNPATH_SEARCH_PATHS = (
					"$(inherited)",
					"@executable_path/Frameworks",
					"@loader_path/Frameworks",
				);
				PRODUCT_BUNDLE_IDENTIFIER = com.kamalatennakoon.TWGProductsUITests;
				PRODUCT_NAME = "$(TARGET_NAME)";
				SWIFT_VERSION = 5.0;
				TARGETED_DEVICE_FAMILY = "1,2";
				TEST_TARGET_NAME = TWGProducts;
			};
			name = Debug;
		};
		78AA047927058FA300F31EC8 /* Release */ = {
			isa = XCBuildConfiguration;
			buildSettings = {
				ALWAYS_EMBED_SWIFT_STANDARD_LIBRARIES = YES;
				CODE_SIGN_STYLE = Automatic;
				INFOPLIST_FILE = TWGProductsUITests/Info.plist;
				LD_RUNPATH_SEARCH_PATHS = (
					"$(inherited)",
					"@executable_path/Frameworks",
					"@loader_path/Frameworks",
				);
				PRODUCT_BUNDLE_IDENTIFIER = com.kamalatennakoon.TWGProductsUITests;
				PRODUCT_NAME = "$(TARGET_NAME)";
				SWIFT_VERSION = 5.0;
				TARGETED_DEVICE_FAMILY = "1,2";
				TEST_TARGET_NAME = TWGProducts;
			};
			name = Release;
		};
/* End XCBuildConfiguration section */

/* Begin XCConfigurationList section */
		78AA044227058F9900F31EC8 /* Build configuration list for PBXProject "TWGProducts" */ = {
			isa = XCConfigurationList;
			buildConfigurations = (
				78AA046F27058FA300F31EC8 /* Debug */,
				78AA047027058FA300F31EC8 /* Release */,
			);
			defaultConfigurationIsVisible = 0;
			defaultConfigurationName = Release;
		};
		78AA047127058FA300F31EC8 /* Build configuration list for PBXNativeTarget "TWGProducts" */ = {
			isa = XCConfigurationList;
			buildConfigurations = (
				78AA047227058FA300F31EC8 /* Debug */,
				78AA047327058FA300F31EC8 /* Release */,
			);
			defaultConfigurationIsVisible = 0;
			defaultConfigurationName = Release;
		};
		78AA047427058FA300F31EC8 /* Build configuration list for PBXNativeTarget "TWGProductsTests" */ = {
			isa = XCConfigurationList;
			buildConfigurations = (
				78AA047527058FA300F31EC8 /* Debug */,
				78AA047627058FA300F31EC8 /* Release */,
			);
			defaultConfigurationIsVisible = 0;
			defaultConfigurationName = Release;
		};
		78AA047727058FA300F31EC8 /* Build configuration list for PBXNativeTarget "TWGProductsUITests" */ = {
			isa = XCConfigurationList;
			buildConfigurations = (
				78AA047827058FA300F31EC8 /* Debug */,
				78AA047927058FA300F31EC8 /* Release */,
			);
			defaultConfigurationIsVisible = 0;
			defaultConfigurationName = Release;
		};
/* End XCConfigurationList section */
	};
	rootObject = 78AA043F27058F9900F31EC8 /* Project object */;
}
